// !$*UTF8*$!
{
	archiveVersion = 1;
	classes = {
	};
	objectVersion = 46;
	objects = {

/* Begin PBXBuildFile section */
		96B0F4B01D34150F00B136D0 /* main.m in Sources */ = {isa = PBXBuildFile; fileRef = 96B0F4AF1D34150F00B136D0 /* main.m */; };
		96B0F4B31D34150F00B136D0 /* AppDelegate.m in Sources */ = {isa = PBXBuildFile; fileRef = 96B0F4B21D34150F00B136D0 /* AppDelegate.m */; };
		96B0F4B61D34150F00B136D0 /* ViewController.m in Sources */ = {isa = PBXBuildFile; fileRef = 96B0F4B51D34150F00B136D0 /* ViewController.m */; };
		96B0F4B91D34150F00B136D0 /* Main.storyboard in Resources */ = {isa = PBXBuildFile; fileRef = 96B0F4B71D34150F00B136D0 /* Main.storyboard */; };
		96B0F4BB1D34150F00B136D0 /* Assets.xcassets in Resources */ = {isa = PBXBuildFile; fileRef = 96B0F4BA1D34150F00B136D0 /* Assets.xcassets */; };
		96B0F4BE1D34150F00B136D0 /* LaunchScreen.storyboard in Resources */ = {isa = PBXBuildFile; fileRef = 96B0F4BC1D34150F00B136D0 /* LaunchScreen.storyboard */; };
		96B0F4C71D3431BE00B136D0 /* MyScrollView.m in Sources */ = {isa = PBXBuildFile; fileRef = 96B0F4C61D3431BE00B136D0 /* MyScrollView.m */; };
/* End PBXBuildFile section */

/* Begin PBXFileReference section */
		96B0F4AB1D34150F00B136D0 /* LHL-June.MyOwnScrollView.app */ = {isa = PBXFileReference; explicitFileType = wrapper.application; includeInIndex = 0; path = "LHL-June.MyOwnScrollView.app"; sourceTree = BUILT_PRODUCTS_DIR; };
		96B0F4AF1D34150F00B136D0 /* main.m */ = {isa = PBXFileReference; lastKnownFileType = sourcecode.c.objc; path = main.m; sourceTree = "<group>"; };
		96B0F4B11D34150F00B136D0 /* AppDelegate.h */ = {isa = PBXFileReference; lastKnownFileType = sourcecode.c.h; path = AppDelegate.h; sourceTree = "<group>"; };
		96B0F4B21D34150F00B136D0 /* AppDelegate.m */ = {isa = PBXFileReference; lastKnownFileType = sourcecode.c.objc; path = AppDelegate.m; sourceTree = "<group>"; };
		96B0F4B41D34150F00B136D0 /* ViewController.h */ = {isa = PBXFileReference; lastKnownFileType = sourcecode.c.h; path = ViewController.h; sourceTree = "<group>"; };
		96B0F4B51D34150F00B136D0 /* ViewController.m */ = {isa = PBXFileReference; lastKnownFileType = sourcecode.c.objc; path = ViewController.m; sourceTree = "<group>"; };
		96B0F4B81D34150F00B136D0 /* Base */ = {isa = PBXFileReference; lastKnownFileType = file.storyboard; name = Base; path = Base.lproj/Main.storyboard; sourceTree = "<group>"; };
		96B0F4BA1D34150F00B136D0 /* Assets.xcassets */ = {isa = PBXFileReference; lastKnownFileType = folder.assetcatalog; path = Assets.xcassets; sourceTree = "<group>"; };
		96B0F4BD1D34150F00B136D0 /* Base */ = {isa = PBXFileReference; lastKnownFileType = file.storyboard; name = Base; path = Base.lproj/LaunchScreen.storyboard; sourceTree = "<group>"; };
		96B0F4BF1D34150F00B136D0 /* Info.plist */ = {isa = PBXFileReference; lastKnownFileType = text.plist.xml; path = Info.plist; sourceTree = "<group>"; };
		96B0F4C51D3431BE00B136D0 /* MyScrollView.h */ = {isa = PBXFileReference; fileEncoding = 4; lastKnownFileType = sourcecode.c.h; path = MyScrollView.h; sourceTree = "<group>"; };
		96B0F4C61D3431BE00B136D0 /* MyScrollView.m */ = {isa = PBXFileReference; fileEncoding = 4; lastKnownFileType = sourcecode.c.objc; path = MyScrollView.m; sourceTree = "<group>"; };
/* End PBXFileReference section */

/* Begin PBXFrameworksBuildPhase section */
		96B0F4A81D34150F00B136D0 /* Frameworks */ = {
			isa = PBXFrameworksBuildPhase;
			buildActionMask = 2147483647;
			files = (
			);
			runOnlyForDeploymentPostprocessing = 0;
		};
/* End PBXFrameworksBuildPhase section */

/* Begin PBXGroup section */
		96B0F4A21D34150F00B136D0 = {
			isa = PBXGroup;
			children = (
				96B0F4AD1D34150F00B136D0 /* LHL-June.MyOwnScrollView */,
				96B0F4AC1D34150F00B136D0 /* Products */,
			);
			sourceTree = "<group>";
		};
		96B0F4AC1D34150F00B136D0 /* Products */ = {
			isa = PBXGroup;
			children = (
				96B0F4AB1D34150F00B136D0 /* LHL-June.MyOwnScrollView.app */,
			);
			name = Products;
			sourceTree = "<group>";
		};
		96B0F4AD1D34150F00B136D0 /* LHL-June.MyOwnScrollView */ = {
			isa = PBXGroup;
			children = (
				96B0F4B11D34150F00B136D0 /* AppDelegate.h */,
				96B0F4B21D34150F00B136D0 /* AppDelegate.m */,
				96B0F4B41D34150F00B136D0 /* ViewController.h */,
				96B0F4B51D34150F00B136D0 /* ViewController.m */,
				96B0F4C51D3431BE00B136D0 /* MyScrollView.h */,
				96B0F4C61D3431BE00B136D0 /* MyScrollView.m */,
				96B0F4B71D34150F00B136D0 /* Main.storyboard */,
				96B0F4BA1D34150F00B136D0 /* Assets.xcassets */,
				96B0F4BC1D34150F00B136D0 /* LaunchScreen.storyboard */,
				96B0F4BF1D34150F00B136D0 /* Info.plist */,
				96B0F4AE1D34150F00B136D0 /* Supporting Files */,
			);
			path = "LHL-June.MyOwnScrollView";
			sourceTree = "<group>";
		};
		96B0F4AE1D34150F00B136D0 /* Supporting Files */ = {
			isa = PBXGroup;
			children = (
				96B0F4AF1D34150F00B136D0 /* main.m */,
			);
			name = "Supporting Files";
			sourceTree = "<group>";
		};
/* End PBXGroup section */

/* Begin PBXNativeTarget section */
		96B0F4AA1D34150F00B136D0 /* LHL-June.MyOwnScrollView */ = {
			isa = PBXNativeTarget;
			buildConfigurationList = 96B0F4C21D34150F00B136D0 /* Build configuration list for PBXNativeTarget "LHL-June.MyOwnScrollView" */;
			buildPhases = (
				96B0F4A71D34150F00B136D0 /* Sources */,
				96B0F4A81D34150F00B136D0 /* Frameworks */,
				96B0F4A91D34150F00B136D0 /* Resources */,
			);
			buildRules = (
			);
			dependencies = (
			);
			name = "LHL-June.MyOwnScrollView";
			productName = "LHL-June.MyOwnScrollView";
			productReference = 96B0F4AB1D34150F00B136D0 /* LHL-June.MyOwnScrollView.app */;
			productType = "com.apple.product-type.application";
		};
/* End PBXNativeTarget section */

/* Begin PBXProject section */
		96B0F4A31D34150F00B136D0 /* Project object */ = {
			isa = PBXProject;
			attributes = {
				LastUpgradeCheck = 0730;
				ORGANIZATIONNAME = "Asuka Nakagawa";
				TargetAttributes = {
					96B0F4AA1D34150F00B136D0 = {
						CreatedOnToolsVersion = 7.3;
						DevelopmentTeam = 6A3B9S8TK9;
					};
				};
			};
			buildConfigurationList = 96B0F4A61D34150F00B136D0 /* Build configuration list for PBXProject "LHL-June.MyOwnScrollView" */;
			compatibilityVersion = "Xcode 3.2";
			developmentRegion = English;
			hasScannedForEncodings = 0;
			knownRegions = (
				en,
				Base,
			);
			mainGroup = 96B0F4A21D34150F00B136D0;
			productRefGroup = 96B0F4AC1D34150F00B136D0 /* Products */;
			projectDirPath = "";
			projectRoot = "";
			targets = (
				96B0F4AA1D34150F00B136D0 /* LHL-June.MyOwnScrollView */,
			);
		};
/* End PBXProject section */

/* Begin PBXResourcesBuildPhase section */
		96B0F4A91D34150F00B136D0 /* Resources */ = {
			isa = PBXResourcesBuildPhase;
			buildActionMask = 2147483647;
			files = (
				96B0F4BE1D34150F00B136D0 /* LaunchScreen.storyboard in Resources */,
				96B0F4BB1D34150F00B136D0 /* Assets.xcassets in Resources */,
				96B0F4B91D34150F00B136D0 /* Main.storyboard in Resources */,
			);
			runOnlyForDeploymentPostprocessing = 0;
		};
/* End PBXResourcesBuildPhase section */

/* Begin PBXSourcesBuildPhase section */
		96B0F4A71D34150F00B136D0 /* Sources */ = {
			isa = PBXSourcesBuildPhase;
			buildActionMask = 2147483647;
			files = (
				96B0F4B61D34150F00B136D0 /* ViewController.m in Sources */,
				96B0F4C71D3431BE00B136D0 /* MyScrollView.m in Sources */,
				96B0F4B31D34150F00B136D0 /* AppDelegate.m in Sources */,
				96B0F4B01D34150F00B136D0 /* main.m in Sources */,
			);
			runOnlyForDeploymentPostprocessing = 0;
		};
/* End PBXSourcesBuildPhase section */

/* Begin PBXVariantGroup section */
		96B0F4B71D34150F00B136D0 /* Main.storyboard */ = {
			isa = PBXVariantGroup;
			children = (
				96B0F4B81D34150F00B136D0 /* Base */,
			);
			name = Main.storyboard;
			sourceTree = "<group>";
		};
		96B0F4BC1D34150F00B136D0 /* LaunchScreen.storyboard */ = {
			isa = PBXVariantGroup;
			children = (
				96B0F4BD1D34150F00B136D0 /* Base */,
			);
			name = LaunchScreen.storyboard;
			sourceTree = "<group>";
		};
/* End PBXVariantGroup section */

/* Begin XCBuildConfiguration section */
		96B0F4C01D34150F00B136D0 /* Debug */ = {
			isa = XCBuildConfiguration;
			buildSettings = {
				ALWAYS_SEARCH_USER_PATHS = NO;
				CLANG_ANALYZER_NONNULL = YES;
				CLANG_CXX_LANGUAGE_STANDARD = "gnu++0x";
				CLANG_CXX_LIBRARY = "libc++";
				CLANG_ENABLE_MODULES = YES;
				CLANG_ENABLE_OBJC_ARC = YES;
				CLANG_WARN_BOOL_CONVERSION = YES;
				CLANG_WARN_CONSTANT_CONVERSION = YES;
				CLANG_WARN_DIRECT_OBJC_ISA_USAGE = YES_ERROR;
				CLANG_WARN_EMPTY_BODY = YES;
				CLANG_WARN_ENUM_CONVERSION = YES;
				CLANG_WARN_INT_CONVERSION = YES;
				CLANG_WARN_OBJC_ROOT_CLASS = YES_ERROR;
				CLANG_WARN_UNREACHABLE_CODE = YES;
				CLANG_WARN__DUPLICATE_METHOD_MATCH = YES;
				"CODE_SIGN_IDENTITY[sdk=iphoneos*]" = "iPhone Developer";
				COPY_PHASE_STRIP = NO;
				DEBUG_INFORMATION_FORMAT = dwarf;
				ENABLE_STRICT_OBJC_MSGSEND = YES;
				ENABLE_TESTABILITY = YES;
				GCC_C_LANGUAGE_STANDARD = gnu99;
				GCC_DYNAMIC_NO_PIC = NO;
				GCC_NO_COMMON_BLOCKS = YES;
				GCC_OPTIMIZATION_LEVEL = 0;
				GCC_PREPROCESSOR_DEFINITIONS = (
					"DEBUG=1",
					"$(inherited)",
				);
				GCC_WARN_64_TO_32_BIT_CONVERSION = YES;
				GCC_WARN_ABOUT_RETURN_TYPE = YES_ERROR;
				GCC_WARN_UNDECLARED_SELECTOR = YES;
				GCC_WARN_UNINITIALIZED_AUTOS = YES_AGGRESSIVE;
				GCC_WARN_UNUSED_FUNCTION = YES;
				GCC_WARN_UNUSED_VARIABLE = YES;
				IPHONEOS_DEPLOYMENT_TARGET = 9.3;
				MTL_ENABLE_DEBUG_INFO = YES;
				ONLY_ACTIVE_ARCH = YES;
				SDKROOT = iphoneos;
			};
			name = Debug;
		};
		96B0F4C11D34150F00B136D0 /* Release */ = {
			isa = XCBuildConfiguration;
			buildSettings = {
				ALWAYS_SEARCH_USER_PATHS = NO;
				CLANG_ANALYZER_NONNULL = YES;
				CLANG_CXX_LANGUAGE_STANDARD = "gnu++0x";
				CLANG_CXX_LIBRARY = "libc++";
				CLANG_ENABLE_MODULES = YES;
				CLANG_ENABLE_OBJC_ARC = YES;
				CLANG_WARN_BOOL_CONVERSION = YES;
				CLANG_WARN_CONSTANT_CONVERSION = YES;
				CLANG_WARN_DIRECT_OBJC_ISA_USAGE = YES_ERROR;
				CLANG_WARN_EMPTY_BODY = YES;
				CLANG_WARN_ENUM_CONVERSION = YES;
				CLANG_WARN_INT_CONVERSION = YES;
				CLANG_WARN_OBJC_ROOT_CLASS = YES_ERROR;
				CLANG_WARN_UNREACHABLE_CODE = YES;
				CLANG_WARN__DUPLICATE_METHOD_MATCH = YES;
				"CODE_SIGN_IDENTITY[sdk=iphoneos*]" = "iPhone Developer";
				COPY_PHASE_STRIP = NO;
				DEBUG_INFORMATION_FORMAT = "dwarf-with-dsym";
				ENABLE_NS_ASSERTIONS = NO;
				ENABLE_STRICT_OBJC_MSGSEND = YES;
				GCC_C_LANGUAGE_STANDARD = gnu99;
				GCC_NO_COMMON_BLOCKS = YES;
				GCC_WARN_64_TO_32_BIT_CONVERSION = YES;
				GCC_WARN_ABOUT_RETURN_TYPE = YES_ERROR;
				GCC_WARN_UNDECLARED_SELECTOR = YES;
				GCC_WARN_UNINITIALIZED_AUTOS = YES_AGGRESSIVE;
				GCC_WARN_UNUSED_FUNCTION = YES;
				GCC_WARN_UNUSED_VARIABLE = YES;
				IPHONEOS_DEPLOYMENT_TARGET = 9.3;
				MTL_ENABLE_DEBUG_INFO = NO;
				SDKROOT = iphoneos;
				VALIDATE_PRODUCT = YES;
			};
			name = Release;
		};
		96B0F4C31D34150F00B136D0 /* Debug */ = {
			isa = XCBuildConfiguration;
			buildSettings = {
				ASSETCATALOG_COMPILER_APPICON_NAME = AppIcon;
				INFOPLIST_FILE = "LHL-June.MyOwnScrollView/Info.plist";
				LD_RUNPATH_SEARCH_PATHS = "$(inherited) @executable_path/Frameworks";
				PRODUCT_BUNDLE_IDENTIFIER = "A.LHL-June-MyOwnScrollView";
				PRODUCT_NAME = "$(TARGET_NAME)";
			};
			name = Debug;
		};
		96B0F4C41D34150F00B136D0 /* Release */ = {
			isa = XCBuildConfiguration;
			buildSettings = {
				ASSETCATALOG_COMPILER_APPICON_NAME = AppIcon;
				INFOPLIST_FILE = "LHL-June.MyOwnScrollView/Info.plist";
				LD_RUNPATH_SEARCH_PATHS = "$(inherited) @executable_path/Frameworks";
				PRODUCT_BUNDLE_IDENTIFIER = "A.LHL-June-MyOwnScrollView";
				PRODUCT_NAME = "$(TARGET_NAME)";
			};
			name = Release;
		};
/* End XCBuildConfiguration section */

/* Begin XCConfigurationList section */
		96B0F4A61D34150F00B136D0 /* Build configuration list for PBXProject "LHL-June.MyOwnScrollView" */ = {
			isa = XCConfigurationList;
			buildConfigurations = (
				96B0F4C01D34150F00B136D0 /* Debug */,
				96B0F4C11D34150F00B136D0 /* Release */,
			);
			defaultConfigurationIsVisible = 0;
			defaultConfigurationName = Release;
		};
		96B0F4C21D34150F00B136D0 /* Build configuration list for PBXNativeTarget "LHL-June.MyOwnScrollView" */ = {
			isa = XCConfigurationList;
			buildConfigurations = (
				96B0F4C31D34150F00B136D0 /* Debug */,
				96B0F4C41D34150F00B136D0 /* Release */,
			);
			defaultConfigurationIsVisible = 0;
			defaultConfigurationName = Release;
		};
/* End XCConfigurationList section */
	};
	rootObject = 96B0F4A31D34150F00B136D0 /* Project object */;
}
